{
  "nodes": {
    "crate2nix": {
      "flake": false,
      "locked": {
        "lastModified": 1774369503,
        "narHash": "sha256-YeCF4iBhlvTqkn4mihjZgixnDcEVgfyQlNeBsbLYUgQ=",
        "owner": "nix-community",
        "repo": "crate2nix",
        "rev": "b873ca53dd64e12340416f0fd5e3b33792b9c17b",
        "type": "github"
      },
      "original": {
        "owner": "nix-community",
        "repo": "crate2nix",
        "type": "github"
      }
    },
    "fenix": {
      "inputs": {
        "nixpkgs": [
          "nixpkgs"
        ],
        "rust-analyzer-src": "rust-analyzer-src"
      },
      "locked": {
        "lastModified": 1776673701,
        "narHash": "sha256-3rHmpU0phsXWJtSNbiolAeMzwLN+51G1Ji4FVENurMw=",
        "owner": "nix-community",
        "repo": "fenix",
        "rev": "d0ff0a903e7db7f8e71d5f7862446b7c92f12df7",
        "type": "github"
      },
      "original": {
        "owner": "nix-community",
        "repo": "fenix",
        "type": "github"
      }
    },
    "fenix_2": {
      "inputs": {
        "nixpkgs": [
          "substrate",
          "nixpkgs"
        ],
        "rust-analyzer-src": "rust-analyzer-src_2"
      },
      "locked": {
        "lastModified": 1776584210,
        "narHash": "sha256-ePiKtL1QlfFHEyUvhCrBKKuL/xzAwYBIAraPkXBObqA=",
        "owner": "nix-community",
        "repo": "fenix",
        "rev": "3dc46f7171ba708c559458d6f76043948a97efdf",
        "type": "github"
      },
      "original": {
        "owner": "nix-community",
        "repo": "fenix",
        "type": "github"
      }
    },
    "flake-parts": {
      "inputs": {
        "nixpkgs-lib": [
          "substrate",
          "nixpkgs"
        ]
      },
      "locked": {
        "lastModified": 1775087534,
        "narHash": "sha256-91qqW8lhL7TLwgQWijoGBbiD4t7/q75KTi8NxjVmSmA=",
        "owner": "hercules-ci",
        "repo": "flake-parts",
        "rev": "3107b77cd68437b9a76194f0f7f9c55f2329ca5b",
        "type": "github"
      },
      "original": {
        "owner": "hercules-ci",
        "repo": "flake-parts",
        "type": "github"
      }
    },
    "flake-utils": {
      "inputs": {
        "systems": "systems"
      },
      "locked": {
        "lastModified": 1731533236,
        "narHash": "sha256-l0KFg5HjrsfsO/JpG+r7fRrqm12kzFHyUHqHCVpMMbI=",
        "owner": "numtide",
        "repo": "flake-utils",
        "rev": "11707dc2f618dd54ca8739b309ec4fc024de578b",
        "type": "github"
      },
      "original": {
        "owner": "numtide",
        "repo": "flake-utils",
        "type": "github"
      }
    },
    "nixpkgs": {
      "locked": {
        "lastModified": 1776548001,
        "narHash": "sha256-ZSK0NL4a1BwVbbTBoSnWgbJy9HeZFXLYQizjb2DPF24=",
        "owner": "nixos",
        "repo": "nixpkgs",
        "rev": "b12141ef619e0a9c1c84dc8c684040326f27cdcc",
        "type": "github"
      },
      "original": {
        "owner": "nixos",
        "ref": "nixos-unstable",
        "repo": "nixpkgs",
        "type": "github"
      }
    },
    "root": {
      "inputs": {
        "fenix": "fenix",
        "flake-utils": "flake-utils",
        "nixpkgs": "nixpkgs",
        "substrate": "substrate"
      }
    },
    "rust-analyzer-src": {
      "flake": false,
      "locked": {
        "lastModified": 1776636258,
        "narHash": "sha256-F3vhhEDyiPPWuYFxjFw+sv7BnLAGeb2bgS6xV+snvVQ=",
        "owner": "rust-lang",
        "repo": "rust-analyzer",
        "rev": "adef948679e1f550805eeb2a78d10e25c0279f54",
        "type": "github"
      },
      "original": {
        "owner": "rust-lang",
        "ref": "nightly",
        "repo": "rust-analyzer",
        "type": "github"
      }
    },
    "rust-analyzer-src_2": {
      "flake": false,
      "locked": {
        "lastModified": 1776441750,
        "narHash": "sha256-1rVfG+mj8R4ze+lSYCa4iAv7FzrB03Cprtxmd1MfZak=",
        "owner": "rust-lang",
        "repo": "rust-analyzer",
        "rev": "251df518d73abb5c5d573c4d5d266a3edae9ca5a",
        "type": "github"
      },
      "original": {
        "owner": "rust-lang",
        "ref": "nightly",
        "repo": "rust-analyzer",
        "type": "github"
      }
    },
    "substrate": {
      "inputs": {
        "crate2nix": "crate2nix",
        "fenix": "fenix_2",
        "flake-parts": "flake-parts",
        "nixpkgs": [
          "nixpkgs"
        ]
      },
      "locked": {
        "lastModified": 1776738996,
        "narHash": "sha256-MuxMAzDID/MQ7ryuBUv3ZxjdFWr9bp9kj4t9IajWgUI=",
        "owner": "pleme-io",
        "repo": "substrate",
        "rev": "d452d324f7f18168591032f64564fe6276f4aae3",
        "type": "github"
      },
      "original": {
        "owner": "pleme-io",
        "repo": "substrate",
        "type": "github"
      }
    },
    "systems": {
      "locked": {
        "lastModified": 1681028828,
        "narHash": "sha256-Vy1rq5AaRuLzOxct8nz4T6wlgyUR7zLU309k9mBC768=",
        "owner": "nix-systems",
        "repo": "default",
        "rev": "da67096a3b9bf56a91d16901293e51ba5b49a27e",
        "type": "github"
      },
      "original": {
        "owner": "nix-systems",
        "repo": "default",
        "type": "github"
      }
    }
  },
  "root": "root",
  "version": 7
}
